
Microsoft Visual Studio Solution File, Format Version 12.00
# Visual Studio Version 17
VisualStudioVersion = 17.3.32819.101
MinimumVisualStudioVersion = 10.0.40219.1
Project("{FAE04EC0-301F-11D3-BF4B-00C04F79EFBC}") = "1.cf-new password", "1.cf-new password\1.cf-new password.csproj", "{DBD68755-AF93-4D56-A678-D13C13B2C577}"
EndProject
Project("{FAE04EC0-301F-11D3-BF4B-00C04F79EFBC}") = "2.leetcode-array partition", "2.leetcode-array partition\2.leetcode-array partition.csproj", "{AF3B4151-D76B-4322-8898-5152B6804791}"
EndProject
Project("{FAE04EC0-301F-11D3-BF4B-00C04F79EFBC}") = "3.leetcode prblm", "3.leetcode prblm\3.leetcode prblm.csproj", "{D4611B04-42D0-4357-B59D-B9336EA1E450}"
EndProject
Global
	GlobalSection(SolutionConfigurationPlatforms) = preSolution
		Debug|Any CPU = Debug|Any CPU
		Release|Any CPU = Release|Any CPU
	EndGlobalSection
	GlobalSection(ProjectConfigurationPlatforms) = postSolution
		{DBD68755-AF93-4D56-A678-D13C13B2C577}.Debug|Any CPU.ActiveCfg = Debug|Any CPU
		{DBD68755-AF93-4D56-A678-D13C13B2C577}.Debug|Any CPU.Build.0 = Debug|Any CPU
		{DBD68755-AF93-4D56-A678-D13C13B2C577}.Release|Any CPU.ActiveCfg = Release|Any CPU
		{DBD68755-AF93-4D56-A678-D13C13B2C577}.Release|Any CPU.Build.0 = Release|Any CPU
		{AF3B4151-D76B-4322-8898-5152B6804791}.Debug|Any CPU.ActiveCfg = Debug|Any CPU
		{AF3B4151-D76B-4322-8898-5152B6804791}.Debug|Any CPU.Build.0 = Debug|Any CPU
		{AF3B4151-D76B-4322-8898-5152B6804791}.Release|Any CPU.ActiveCfg = Release|Any CPU
		{AF3B4151-D76B-4322-8898-5152B6804791}.Release|Any CPU.Build.0 = Release|Any CPU
		{D4611B04-42D0-4357-B59D-B9336EA1E450}.Debug|Any CPU.ActiveCfg = Debug|Any CPU
		{D4611B04-42D0-4357-B59D-B9336EA1E450}.Debug|Any CPU.Build.0 = Debug|Any CPU
		{D4611B04-42D0-4357-B59D-B9336EA1E450}.Release|Any CPU.ActiveCfg = Release|Any CPU
		{D4611B04-42D0-4357-B59D-B9336EA1E450}.Release|Any CPU.Build.0 = Release|Any CPU
	EndGlobalSection
	GlobalSection(SolutionProperties) = preSolution
		HideSolutionNode = FALSE
	EndGlobalSection
	GlobalSection(ExtensibilityGlobals) = postSolution
		SolutionGuid = {C878059B-B7E4-47C5-995B-851051F8769B}
	EndGlobalSection
EndGlobal
